{
	"name": "@node-3d/addon-tools",
	"version": "10.0.0",
	"lockfileVersion": 3,
	"requires": true,
	"packages": {
		"": {
			"name": "@node-3d/addon-tools",
			"version": "10.0.0",
			"license": "MIT",
			"devDependencies": {
				"@rslib/core": "^0.21.3",
				"@types/node": "^24.1.0",
				"@typescript/native-preview": "^7.0.0-dev.20260503.1",
				"node-addon-api": "^8.7.0",
				"oxlint": "^1.65.0",
				"typescript": "^6.0.3"
			},
			"engines": {
				"node": ">=24.13.0",
				"npm": ">=11.6.2"
			},
			"peerDependencies": {
				"node-addon-api": "^8.7.0"
			},
			"peerDependenciesMeta": {
				"node-addon-api": {
					"optional": true
				}
			}
		},
		"node_modules/@ast-grep/napi": {
			"version": "0.37.0",
			"resolved": "https://registry.npmjs.org/@ast-grep/napi/-/napi-0.37.0.tgz",
			"integrity": "sha512-Hb4o6h1Pf6yRUAX07DR4JVY7dmQw+RVQMW5/m55GoiAT/VRoKCWBtIUPPOnqDVhbx1Cjfil9b6EDrgJsUAujEQ==",
			"dev": true,
			"license": "MIT",
			"engines": {
				"node": ">= 10"
			},
			"optionalDependencies": {
				"@ast-grep/napi-darwin-arm64": "0.37.0",
				"@ast-grep/napi-darwin-x64": "0.37.0",
				"@ast-grep/napi-linux-arm64-gnu": "0.37.0",
				"@ast-grep/napi-linux-arm64-musl": "0.37.0",
				"@ast-grep/napi-linux-x64-gnu": "0.37.0",
				"@ast-grep/napi-linux-x64-musl": "0.37.0",
				"@ast-grep/napi-win32-arm64-msvc": "0.37.0",
				"@ast-grep/napi-win32-ia32-msvc": "0.37.0",
				"@ast-grep/napi-win32-x64-msvc": "0.37.0"
			}
		},
		"node_modules/@ast-grep/napi-darwin-arm64": {
			"version": "0.37.0",
			"resolved": "https://registry.npmjs.org/@ast-grep/napi-darwin-arm64/-/napi-darwin-arm64-0.37.0.tgz",
			"integrity": "sha512-QAiIiaAbLvMEg/yBbyKn+p1gX2/FuaC0SMf7D7capm/oG4xGMzdeaQIcSosF4TCxxV+hIH4Bz9e4/u7w6Bnk3Q==",
			"cpu": [
				"arm64"
			],
			"dev": true,
			"license": "MIT",
			"optional": true,
			"os": [
				"darwin"
			],
			"engines": {
				"node": ">= 10"
			}
		},
		"node_modules/@ast-grep/napi-darwin-x64": {
			"version": "0.37.0",
			"resolved": "https://registry.npmjs.org/@ast-grep/napi-darwin-x64/-/napi-darwin-x64-0.37.0.tgz",
			"integrity": "sha512-zvcvdgekd4ySV3zUbUp8HF5nk5zqwiMXTuVzTUdl/w08O7JjM6XPOIVT+d2o/MqwM9rsXdzdergY5oY2RdhSPA==",
			"cpu": [
				"x64"
			],
			"dev": true,
			"license": "MIT",
			"optional": true,
			"os": [
				"darwin"
			],
			"engines": {
				"node": ">= 10"
			}
		},
		"node_modules/@ast-grep/napi-linux-arm64-gnu": {
			"version": "0.37.0",
			"resolved": "https://registry.npmjs.org/@ast-grep/napi-linux-arm64-gnu/-/napi-linux-arm64-gnu-0.37.0.tgz",
			"integrity": "sha512-L7Sj0lXy8X+BqSMgr1LB8cCoWk0rericdeu+dC8/c8zpsav5Oo2IQKY1PmiZ7H8IHoFBbURLf8iklY9wsD+cyA==",
			"cpu": [
				"arm64"
			],
			"dev": true,
			"license": "MIT",
			"optional": true,
			"os": [
				"linux"
			],
			"engines": {
				"node": ">= 10"
			}
		},
		"node_modules/@ast-grep/napi-linux-arm64-musl": {
			"version": "0.37.0",
			"resolved": "https://registry.npmjs.org/@ast-grep/napi-linux-arm64-musl/-/napi-linux-arm64-musl-0.37.0.tgz",
			"integrity": "sha512-LF9sAvYy6es/OdyJDO3RwkX3I82Vkfsng1sqUBcoWC1jVb1wX5YVzHtpQox9JrEhGl+bNp7FYxB4Qba9OdA5GA==",
			"cpu": [
				"arm64"
			],
			"dev": true,
			"license": "MIT",
			"optional": true,
			"os": [
				"linux"
			],
			"engines": {
				"node": ">= 10"
			}
		},
		"node_modules/@ast-grep/napi-linux-x64-gnu": {
			"version": "0.37.0",
			"resolved": "https://registry.npmjs.org/@ast-grep/napi-linux-x64-gnu/-/napi-linux-x64-gnu-0.37.0.tgz",
			"integrity": "sha512-TViz5/klqre6aSmJzswEIjApnGjJzstG/SE8VDWsrftMBMYt2PTu3MeluZVwzSqDao8doT/P+6U11dU05UOgxw==",
			"cpu": [
				"x64"
			],
			"dev": true,
			"license": "MIT",
			"optional": true,
			"os": [
				"linux"
			],
			"engines": {
				"node": ">= 10"
			}
		},
		"node_modules/@ast-grep/napi-linux-x64-musl": {
			"version": "0.37.0",
			"resolved": "https://registry.npmjs.org/@ast-grep/napi-linux-x64-musl/-/napi-linux-x64-musl-0.37.0.tgz",
			"integrity": "sha512-/BcCH33S9E3ovOAEoxYngUNXgb+JLg991sdyiNP2bSoYd30a9RHrG7CYwW6fMgua3ijQ474eV6cq9yZO1bCpXg==",
			"cpu": [
				"x64"
			],
			"dev": true,
			"license": "MIT",
			"optional": true,
			"os": [
				"linux"
			],
			"engines": {
				"node": ">= 10"
			}
		},
		"node_modules/@ast-grep/napi-win32-arm64-msvc": {
			"version": "0.37.0",
			"resolved": "https://registry.npmjs.org/@ast-grep/napi-win32-arm64-msvc/-/napi-win32-arm64-msvc-0.37.0.tgz",
			"integrity": "sha512-TjQA4cFoIEW2bgjLkaL9yqT4XWuuLa5MCNd0VCDhGRDMNQ9+rhwi9eLOWRaap3xzT7g+nlbcEHL3AkVCD2+b3A==",
			"cpu": [
				"arm64"
			],
			"dev": true,
			"license": "MIT",
			"optional": true,
			"os": [
				"win32"
			],
			"engines": {
				"node": ">= 10"
			}
		},
		"node_modules/@ast-grep/napi-win32-ia32-msvc": {
			"version": "0.37.0",
			"resolved": "https://registry.npmjs.org/@ast-grep/napi-win32-ia32-msvc/-/napi-win32-ia32-msvc-0.37.0.tgz",
			"integrity": "sha512-uNmVka8fJCdYsyOlF9aZqQMLTatEYBynjChVTzUfFMDfmZ0bihs/YTqJVbkSm8TZM7CUX82apvn50z/dX5iWRA==",
			"cpu": [
				"ia32"
			],
			"dev": true,
			"license": "MIT",
			"optional": true,
			"os": [
				"win32"
			],
			"engines": {
				"node": ">= 10"
			}
		},
		"node_modules/@ast-grep/napi-win32-x64-msvc": {
			"version": "0.37.0",
			"resolved": "https://registry.npmjs.org/@ast-grep/napi-win32-x64-msvc/-/napi-win32-x64-msvc-0.37.0.tgz",
			"integrity": "sha512-vCiFOT3hSCQuHHfZ933GAwnPzmL0G04JxQEsBRfqONywyT8bSdDc/ECpAfr3S9VcS4JZ9/F6tkePKW/Om2Dq2g==",
			"cpu": [
				"x64"
			],
			"dev": true,
			"license": "MIT",
			"optional": true,
			"os": [
				"win32"
			],
			"engines": {
				"node": ">= 10"
			}
		},
		"node_modules/@emnapi/core": {
			"version": "1.10.0",
			"resolved": "https://registry.npmjs.org/@emnapi/core/-/core-1.10.0.tgz",
			"integrity": "sha512-yq6OkJ4p82CAfPl0u9mQebQHKPJkY7WrIuk205cTYnYe+k2Z8YBh11FrbRG/H6ihirqcacOgl2BIO8oyMQLeXw==",
			"dev": true,
			"license": "MIT",
			"optional": true,
			"dependencies": {
				"@emnapi/wasi-threads": "1.2.1",
				"tslib": "^2.4.0"
			}
		},
		"node_modules/@emnapi/runtime": {
			"version": "1.10.0",
			"resolved": "https://registry.npmjs.org/@emnapi/runtime/-/runtime-1.10.0.tgz",
			"integrity": "sha512-ewvYlk86xUoGI0zQRNq/mC+16R1QeDlKQy21Ki3oSYXNgLb45GV1P6A0M+/s6nyCuNDqe5VpaY84BzXGwVbwFA==",
			"dev": true,
			"license": "MIT",
			"optional": true,
			"dependencies": {
				"tslib": "^2.4.0"
			}
		},
		"node_modules/@emnapi/wasi-threads": {
			"version": "1.2.1",
			"resolved": "https://registry.npmjs.org/@emnapi/wasi-threads/-/wasi-threads-1.2.1.tgz",
			"integrity": "sha512-uTII7OYF+/Mes/MrcIOYp5yOtSMLBWSIoLPpcgwipoiKbli6k322tcoFsxoIIxPDqW01SQGAgko4EzZi2BNv2w==",
			"dev": true,
			"license": "MIT",
			"optional": true,
			"dependencies": {
				"tslib": "^2.4.0"
			}
		},
		"node_modules/@napi-rs/wasm-runtime": {
			"version": "1.1.4",
			"resolved": "https://registry.npmjs.org/@napi-rs/wasm-runtime/-/wasm-runtime-1.1.4.tgz",
			"integrity": "sha512-3NQNNgA1YSlJb/kMH1ildASP9HW7/7kYnRI2szWJaofaS1hWmbGI4H+d3+22aGzXXN9IJ+n+GiFVcGipJP18ow==",
			"dev": true,
			"license": "MIT",
			"optional": true,
			"dependencies": {
				"@tybys/wasm-util": "^0.10.1"
			},
			"funding": {
				"type": "github",
				"url": "https://github.com/sponsors/Brooooooklyn"
			},
			"peerDependencies": {
				"@emnapi/core": "^1.7.1",
				"@emnapi/runtime": "^1.7.1"
			}
		},
		"node_modules/@oxlint/binding-android-arm-eabi": {
			"version": "1.65.0",
			"resolved": "https://registry.npmjs.org/@oxlint/binding-android-arm-eabi/-/binding-android-arm-eabi-1.65.0.tgz",
			"integrity": "sha512-jDVaGNURT5pEA9qcabh6WusIoBNybOMMDPCx+EFt+gxo6rVvoUf0+73Xy5x81+ZrxU+ewk5uRBYifjy5pgkcnA==",
			"cpu": [
				"arm"
			],
			"dev": true,
			"license": "MIT",
			"optional": true,
			"os": [
				"android"
			],
			"engines": {
				"node": "^20.19.0 || >=22.12.0"
			}
		},
		"node_modules/@oxlint/binding-android-arm64": {
			"version": "1.65.0",
			"resolved": "https://registry.npmjs.org/@oxlint/binding-android-arm64/-/binding-android-arm64-1.65.0.tgz",
			"integrity": "sha512-v0z80IWNA7c9RhUydq9YprBxCVZrQ6Ixls2tdxUC1F/1FFqSfa7xTX+EJf0mj6+BKRg2zWXqWfcbJUnETlLlIw==",
			"cpu": [
				"arm64"
			],
			"dev": true,
			"license": "MIT",
			"optional": true,
			"os": [
				"android"
			],
			"engines": {
				"node": "^20.19.0 || >=22.12.0"
			}
		},
		"node_modules/@oxlint/binding-darwin-arm64": {
			"version": "1.65.0",
			"resolved": "https://registry.npmjs.org/@oxlint/binding-darwin-arm64/-/binding-darwin-arm64-1.65.0.tgz",
			"integrity": "sha512-pL/mG/5gMzBwp1gdc5+Cwi87F9j3XRnPxHGyVj5Zd+dCEV5YkKt0L70PB3EGmEEHxgn4H+jnMS3xLuXs6mZW/Q==",
			"cpu": [
				"arm64"
			],
			"dev": true,
			"license": "MIT",
			"optional": true,
			"os": [
				"darwin"
			],
			"engines": {
				"node": "^20.19.0 || >=22.12.0"
			}
		},
		"node_modules/@oxlint/binding-darwin-x64": {
			"version": "1.65.0",
			"resolved": "https://registry.npmjs.org/@oxlint/binding-darwin-x64/-/binding-darwin-x64-1.65.0.tgz",
			"integrity": "sha512-jVTneaeuHtqTrKYnhrdH1buhnSorinvpy1sv43ayclfWx/e/DfdRWv+h1fopJcHQbYr5WMcZMmDvnfEBkPZ+1A==",
			"cpu": [
				"x64"
			],
			"dev": true,
			"license": "MIT",
			"optional": true,
			"os": [
				"darwin"
			],
			"engines": {
				"node": "^20.19.0 || >=22.12.0"
			}
		},
		"node_modules/@oxlint/binding-freebsd-x64": {
			"version": "1.65.0",
			"resolved": "https://registry.npmjs.org/@oxlint/binding-freebsd-x64/-/binding-freebsd-x64-1.65.0.tgz",
			"integrity": "sha512-8lJQ7B6RloYDUhwVdbSpwT2eKsCN5KP1Scn18ly1tytCuhXhbs0nkfKHT4jWWZBJqmynWuzd+78bF7wILrj6pw==",
			"cpu": [
				"x64"
			],
			"dev": true,
			"license": "MIT",
			"optional": true,
			"os": [
				"freebsd"
			],
			"engines": {
				"node": "^20.19.0 || >=22.12.0"
			}
		},
		"node_modules/@oxlint/binding-linux-arm-gnueabihf": {
			"version": "1.65.0",
			"resolved": "https://registry.npmjs.org/@oxlint/binding-linux-arm-gnueabihf/-/binding-linux-arm-gnueabihf-1.65.0.tgz",
			"integrity": "sha512-EgmZY+DeWhLLEnNl70/49j3ltA8I6X9kxMfexupWi2Vwfp6RonGsBaHtGoedLolaU37ne7eDUgoxa3CFB95GZA==",
			"cpu": [
				"arm"
			],
			"dev": true,
			"license": "MIT",
			"optional": true,
			"os": [
				"linux"
			],
			"engines": {
				"node": "^20.19.0 || >=22.12.0"
			}
		},
		"node_modules/@oxlint/binding-linux-arm-musleabihf": {
			"version": "1.65.0",
			"resolved": "https://registry.npmjs.org/@oxlint/binding-linux-arm-musleabihf/-/binding-linux-arm-musleabihf-1.65.0.tgz",
			"integrity": "sha512-OJMWmAYRVBCPPxnYr3j5sXRwHPh1bAuMlTStGco1Z8q3HkvSH4h+A10E9MiRNYmLhUuli5a2P5wmfj8cagiF5Q==",
			"cpu": [
				"arm"
			],
			"dev": true,
			"license": "MIT",
			"optional": true,
			"os": [
				"linux"
			],
			"engines": {
				"node": "^20.19.0 || >=22.12.0"
			}
		},
		"node_modules/@oxlint/binding-linux-arm64-gnu": {
			"version": "1.65.0",
			"resolved": "https://registry.npmjs.org/@oxlint/binding-linux-arm64-gnu/-/binding-linux-arm64-gnu-1.65.0.tgz",
			"integrity": "sha512-D8uNi50LsYKgS0vGARZDRx05TBZeSxAVdLGddSEqQLSU7xsiqdImHPEw55xq8sKA5rCc/4au/5uS7FQALWdLCg==",
			"cpu": [
				"arm64"
			],
			"dev": true,
			"license": "MIT",
			"optional": true,
			"os": [
				"linux"
			],
			"engines": {
				"node": "^20.19.0 || >=22.12.0"
			}
		},
		"node_modules/@oxlint/binding-linux-arm64-musl": {
			"version": "1.65.0",
			"resolved": "https://registry.npmjs.org/@oxlint/binding-linux-arm64-musl/-/binding-linux-arm64-musl-1.65.0.tgz",
			"integrity": "sha512-IpbA8QGbwFehQhO+YaHwmoI81f93xvywpspf8HrdPCWOIeKwYfM1dhVhO4YKfZewTRRQEPY/JFjTOXTgkwhKrA==",
			"cpu": [
				"arm64"
			],
			"dev": true,
			"license": "MIT",
			"optional": true,
			"os": [
				"linux"
			],
			"engines": {
				"node": "^20.19.0 || >=22.12.0"
			}
		},
		"node_modules/@oxlint/binding-linux-ppc64-gnu": {
			"version": "1.65.0",
			"resolved": "https://registry.npmjs.org/@oxlint/binding-linux-ppc64-gnu/-/binding-linux-ppc64-gnu-1.65.0.tgz",
			"integrity": "sha512-ZSe8HgaZdgyHSv2+/pTG68z10+OarB18CkFKQOhRs3lmmP/p2vuigedK2e9d0ztoG2DU/duJzhxXBSjy/492HQ==",
			"cpu": [
				"ppc64"
			],
			"dev": true,
			"license": "MIT",
			"optional": true,
			"os": [
				"linux"
			],
			"engines": {
				"node": "^20.19.0 || >=22.12.0"
			}
		},
		"node_modules/@oxlint/binding-linux-riscv64-gnu": {
			"version": "1.65.0",
			"resolved": "https://registry.npmjs.org/@oxlint/binding-linux-riscv64-gnu/-/binding-linux-riscv64-gnu-1.65.0.tgz",
			"integrity": "sha512-DcTERf++v6HyPHukKAr0JFTRqB+YeDEvqzRgNDMaz7jITPf+tlJIwRxodlAqoXMYhNVEZhXdQM5RAAYH8/oPuw==",
			"cpu": [
				"riscv64"
			],
			"dev": true,
			"license": "MIT",
			"optional": true,
			"os": [
				"linux"
			],
			"engines": {
				"node": "^20.19.0 || >=22.12.0"
			}
		},
		"node_modules/@oxlint/binding-linux-riscv64-musl": {
			"version": "1.65.0",
			"resolved": "https://registry.npmjs.org/@oxlint/binding-linux-riscv64-musl/-/binding-linux-riscv64-musl-1.65.0.tgz",
			"integrity": "sha512-xjhMwuFJwRh40NOBzol4gM5gqAa0xPCJU+GQLM6BydV8TbfkIA7JeyCFNhyfbE9Q/5EWcKYTx62R0cRcjP7DAA==",
			"cpu": [
				"riscv64"
			],
			"dev": true,
			"license": "MIT",
			"optional": true,
			"os": [
				"linux"
			],
			"engines": {
				"node": "^20.19.0 || >=22.12.0"
			}
		},
		"node_modules/@oxlint/binding-linux-s390x-gnu": {
			"version": "1.65.0",
			"resolved": "https://registry.npmjs.org/@oxlint/binding-linux-s390x-gnu/-/binding-linux-s390x-gnu-1.65.0.tgz",
			"integrity": "sha512-lrWSXb8JzboPWYBG6Kunt/eemvjo2oCFXktShsm3yMToY7HjzKLjxh7CljSvGnnZH9oohNFHOKc9xYpGKCPm6w==",
			"cpu": [
				"s390x"
			],
			"dev": true,
			"license": "MIT",
			"optional": true,
			"os": [
				"linux"
			],
			"engines": {
				"node": "^20.19.0 || >=22.12.0"
			}
		},
		"node_modules/@oxlint/binding-linux-x64-gnu": {
			"version": "1.65.0",
			"resolved": "https://registry.npmjs.org/@oxlint/binding-linux-x64-gnu/-/binding-linux-x64-gnu-1.65.0.tgz",
			"integrity": "sha512-A7xfghw250m4a1sPV+q44Mow2G5bhiC9FBvhAuIhJS6QovWnqzuL5AFQPEuwOB+PM4DhABkqxVa3Iwe3Y/nFlQ==",
			"cpu": [
				"x64"
			],
			"dev": true,
			"license": "MIT",
			"optional": true,
			"os": [
				"linux"
			],
			"engines": {
				"node": "^20.19.0 || >=22.12.0"
			}
		},
		"node_modules/@oxlint/binding-linux-x64-musl": {
			"version": "1.65.0",
			"resolved": "https://registry.npmjs.org/@oxlint/binding-linux-x64-musl/-/binding-linux-x64-musl-1.65.0.tgz",
			"integrity": "sha512-reqOun1+pWO3fW6cv7bsa8hHG0TN3t/82qPdaoJo90FwugXiMjKhZMChmH5Z01cFNRHmxN4+543Fy8478cM/iA==",
			"cpu": [
				"x64"
			],
			"dev": true,
			"license": "MIT",
			"optional": true,
			"os": [
				"linux"
			],
			"engines": {
				"node": "^20.19.0 || >=22.12.0"
			}
		},
		"node_modules/@oxlint/binding-openharmony-arm64": {
			"version": "1.65.0",
			"resolved": "https://registry.npmjs.org/@oxlint/binding-openharmony-arm64/-/binding-openharmony-arm64-1.65.0.tgz",
			"integrity": "sha512-KQpqOb/juDBO0xyloDkVDhOVxDUgAfZ2OAAVq99TJScJDzT319xry1QzB9LQohV9QGnA7p6m/XATZkMXc84lwA==",
			"cpu": [
				"arm64"
			],
			"dev": true,
			"license": "MIT",
			"optional": true,
			"os": [
				"openharmony"
			],
			"engines": {
				"node": "^20.19.0 || >=22.12.0"
			}
		},
		"node_modules/@oxlint/binding-win32-arm64-msvc": {
			"version": "1.65.0",
			"resolved": "https://registry.npmjs.org/@oxlint/binding-win32-arm64-msvc/-/binding-win32-arm64-msvc-1.65.0.tgz",
			"integrity": "sha512-xfqcOc3nJFeAd1kDY4T9d3XeJIhr00twaaW0kOAzGPyUHkruXtNJv6zz1Ra9fRtSek5VpW2Yoj5AcwPIlT0ZiQ==",
			"cpu": [
				"arm64"
			],
			"dev": true,
			"license": "MIT",
			"optional": true,
			"os": [
				"win32"
			],
			"engines": {
				"node": "^20.19.0 || >=22.12.0"
			}
		},
		"node_modules/@oxlint/binding-win32-ia32-msvc": {
			"version": "1.65.0",
			"resolved": "https://registry.npmjs.org/@oxlint/binding-win32-ia32-msvc/-/binding-win32-ia32-msvc-1.65.0.tgz",
			"integrity": "sha512-JV+pXm45p8sdgs3c7LOPAohW23optCNZETFOXUcjn6cS4PYZhEU/RI54Z5dHdMudab3nw7T48PZILthM+Q0COQ==",
			"cpu": [
				"ia32"
			],
			"dev": true,
			"license": "MIT",
			"optional": true,
			"os": [
				"win32"
			],
			"engines": {
				"node": "^20.19.0 || >=22.12.0"
			}
		},
		"node_modules/@oxlint/binding-win32-x64-msvc": {
			"version": "1.65.0",
			"resolved": "https://registry.npmjs.org/@oxlint/binding-win32-x64-msvc/-/binding-win32-x64-msvc-1.65.0.tgz",
			"integrity": "sha512-D7L/oBbskLss21bYrRbFuIs81AiSQV+wRzwck54dOkHIlq2qu1xjLz8u6jCqGH8Fltk8bB5DLBpVhE7v/fA8XQ==",
			"cpu": [
				"x64"
			],
			"dev": true,
			"license": "MIT",
			"optional": true,
			"os": [
				"win32"
			],
			"engines": {
				"node": "^20.19.0 || >=22.12.0"
			}
		},
		"node_modules/@rsbuild/core": {
			"version": "2.0.6",
			"resolved": "https://registry.npmjs.org/@rsbuild/core/-/core-2.0.6.tgz",
			"integrity": "sha512-0/u7oTgPp9NsL7E7qXzYiOOPAsOJiDbOr0FmG6gizJDIpYK8nospogNrwQ00SG0had9fdhLI7XkhP160IaLnWw==",
			"dev": true,
			"license": "MIT",
			"dependencies": {
				"@rspack/core": "~2.0.3",
				"@swc/helpers": "^0.5.21"
			},
			"bin": {
				"rsbuild": "bin/rsbuild.js"
			},
			"engines": {
				"node": "^20.19.0 || >=22.12.0"
			},
			"peerDependencies": {
				"core-js": ">= 3.0.0"
			},
			"peerDependenciesMeta": {
				"core-js": {
					"optional": true
				}
			}
		},
		"node_modules/@rslib/core": {
			"version": "0.21.5",
			"resolved": "https://registry.npmjs.org/@rslib/core/-/core-0.21.5.tgz",
			"integrity": "sha512-KPWR8gcodSIw8txfJ+KbgF5NoL7CxX0AljHiJk1VWDiClrN94jYmF5iGCFgaDraOBV9jJhpIIwPOfu09ild8eA==",
			"dev": true,
			"license": "MIT",
			"dependencies": {
				"@rsbuild/core": "~2.0.6",
				"rsbuild-plugin-dts": "0.21.5"
			},
			"bin": {
				"rslib": "bin/rslib.js"
			},
			"engines": {
				"node": "^20.19.0 || >=22.12.0"
			},
			"peerDependencies": {
				"@microsoft/api-extractor": "^7",
				"typescript": "^5 || ^6"
			},
			"peerDependenciesMeta": {
				"@microsoft/api-extractor": {
					"optional": true
				},
				"typescript": {
					"optional": true
				}
			}
		},
		"node_modules/@rspack/binding": {
			"version": "2.0.3",
			"resolved": "https://registry.npmjs.org/@rspack/binding/-/binding-2.0.3.tgz",
			"integrity": "sha512-4exVNhGhW5RFHjK87XeTKbkA/qAgI5NHJlT1jNqiJv0gcUXLqTOEU3w7f8+f9zUo4JMFvPc0c9veOi4M19YYTg==",
			"dev": true,
			"license": "MIT",
			"optionalDependencies": {
				"@rspack/binding-darwin-arm64": "2.0.3",
				"@rspack/binding-darwin-x64": "2.0.3",
				"@rspack/binding-linux-arm64-gnu": "2.0.3",
				"@rspack/binding-linux-arm64-musl": "2.0.3",
				"@rspack/binding-linux-x64-gnu": "2.0.3",
				"@rspack/binding-linux-x64-musl": "2.0.3",
				"@rspack/binding-wasm32-wasi": "2.0.3",
				"@rspack/binding-win32-arm64-msvc": "2.0.3",
				"@rspack/binding-win32-ia32-msvc": "2.0.3",
				"@rspack/binding-win32-x64-msvc": "2.0.3"
			}
		},
		"node_modules/@rspack/binding-darwin-arm64": {
			"version": "2.0.3",
			"resolved": "https://registry.npmjs.org/@rspack/binding-darwin-arm64/-/binding-darwin-arm64-2.0.3.tgz",
			"integrity": "sha512-4UyCjLJwU/WxR6K1/gG4u3+jUsoaRHJ5rNu9fto/UbvrItwdlVNULChAApqZFw6mcSetMddSjSICeuj5pSB6sA==",
			"cpu": [
				"arm64"
			],
			"dev": true,
			"license": "MIT",
			"optional": true,
			"os": [
				"darwin"
			]
		},
		"node_modules/@rspack/binding-darwin-x64": {
			"version": "2.0.3",
			"resolved": "https://registry.npmjs.org/@rspack/binding-darwin-x64/-/binding-darwin-x64-2.0.3.tgz",
			"integrity": "sha512-K3evrbTgZNa8emEqk+AjDtbuoXZp5tPZz3pcEgETxuu3KanW8Zu+Fb+TUp1DEUcL0xOmHPPox8H2cZ3pF4Zmug==",
			"cpu": [
				"x64"
			],
			"dev": true,
			"license": "MIT",
			"optional": true,
			"os": [
				"darwin"
			]
		},
		"node_modules/@rspack/binding-linux-arm64-gnu": {
			"version": "2.0.3",
			"resolved": "https://registry.npmjs.org/@rspack/binding-linux-arm64-gnu/-/binding-linux-arm64-gnu-2.0.3.tgz",
			"integrity": "sha512-aPLDaaTtX1wqjLYAIHc2MGDQZtv1Hbjx47oaaefbWz5GbAnSA4P8jdYIeeGRyrqvQ0WqJXIWXgT0d/iXtes00A==",
			"cpu": [
				"arm64"
			],
			"dev": true,
			"license": "MIT",
			"optional": true,
			"os": [
				"linux"
			]
		},
		"node_modules/@rspack/binding-linux-arm64-musl": {
			"version": "2.0.3",
			"resolved": "https://registry.npmjs.org/@rspack/binding-linux-arm64-musl/-/binding-linux-arm64-musl-2.0.3.tgz",
			"integrity": "sha512-0WulUQPop6vmSDfrTxghmVlm+6crU8/XqD2f0dOWbEniZVuDZJ5/Y/cBqTRyk3rjl0vrmUv3lc87/t7UgQJQSw==",
			"cpu": [
				"arm64"
			],
			"dev": true,
			"license": "MIT",
			"optional": true,
			"os": [
				"linux"
			]
		},
		"node_modules/@rspack/binding-linux-x64-gnu": {
			"version": "2.0.3",
			"resolved": "https://registry.npmjs.org/@rspack/binding-linux-x64-gnu/-/binding-linux-x64-gnu-2.0.3.tgz",
			"integrity": "sha512-fAhiMuV5omT53YMft+f3Y9euAFgspuyBAk9ZpeW2buL2TkuUMwP07adhhvQfKdQ5gpELfzmjQaRDGqaIT8UWiA==",
			"cpu": [
				"x64"
			],
			"dev": true,
			"license": "MIT",
			"optional": true,
			"os": [
				"linux"
			]
		},
		"node_modules/@rspack/binding-linux-x64-musl": {
			"version": "2.0.3",
			"resolved": "https://registry.npmjs.org/@rspack/binding-linux-x64-musl/-/binding-linux-x64-musl-2.0.3.tgz",
			"integrity": "sha512-0kcuFoZ8vy2iNWoISFOZt+/Ujo7LRLrzE7h07AV5r+oN/mv+/v14Sd/8NUtDIScCkrYOszYq/QS31e6t0UrVfw==",
			"cpu": [
				"x64"
			],
			"dev": true,
			"license": "MIT",
			"optional": true,
			"os": [
				"linux"
			]
		},
		"node_modules/@rspack/binding-wasm32-wasi": {
			"version": "2.0.3",
			"resolved": "https://registry.npmjs.org/@rspack/binding-wasm32-wasi/-/binding-wasm32-wasi-2.0.3.tgz",
			"integrity": "sha512-x2fsw7GzNZEnw444ikj4/b8kVjM0Y0TllxmizHpYZ9gmaQrOk5OXo9RQdz+l4zzoGors0l2IZP5Cc4GJNCaSoQ==",
			"cpu": [
				"wasm32"
			],
			"dev": true,
			"license": "MIT",
			"optional": true,
			"dependencies": {
				"@emnapi/core": "1.10.0",
				"@emnapi/runtime": "1.10.0",
				"@napi-rs/wasm-runtime": "1.1.4"
			}
		},
		"node_modules/@rspack/binding-win32-arm64-msvc": {
			"version": "2.0.3",
			"resolved": "https://registry.npmjs.org/@rspack/binding-win32-arm64-msvc/-/binding-win32-arm64-msvc-2.0.3.tgz",
			"integrity": "sha512-jqlxuVPdrgMuwj/HEjSkC/jmhl4fAuKyob36zJXq2uAusn2FRJ4kClGe1fLFpfxRXFVQAWwlAOwLJg8T0suuaA==",
			"cpu": [
				"arm64"
			],
			"dev": true,
			"license": "MIT",
			"optional": true,
			"os": [
				"win32"
			]
		},
		"node_modules/@rspack/binding-win32-ia32-msvc": {
			"version": "2.0.3",
			"resolved": "https://registry.npmjs.org/@rspack/binding-win32-ia32-msvc/-/binding-win32-ia32-msvc-2.0.3.tgz",
			"integrity": "sha512-QM4JEuyk5QaZ5gnvnAIaCwVQzCkrD2E4Sud77kx/MVGDsRkcOlMx3blMC5QNHPDamRmWGk+7314YOQvRhKuWyg==",
			"cpu": [
				"ia32"
			],
			"dev": true,
			"license": "MIT",
			"optional": true,
			"os": [
				"win32"
			]
		},
		"node_modules/@rspack/binding-win32-x64-msvc": {
			"version": "2.0.3",
			"resolved": "https://registry.npmjs.org/@rspack/binding-win32-x64-msvc/-/binding-win32-x64-msvc-2.0.3.tgz",
			"integrity": "sha512-vSQNnAy0wswG6AfNRuArTHQBiXOXl+A9ddQxBFup4PMHUzXxKtsBLQzw7BgFC0EgrPeHbt+30j7sXVZKYukj4A==",
			"cpu": [
				"x64"
			],
			"dev": true,
			"license": "MIT",
			"optional": true,
			"os": [
				"win32"
			]
		},
		"node_modules/@rspack/core": {
			"version": "2.0.3",
			"resolved": "https://registry.npmjs.org/@rspack/core/-/core-2.0.3.tgz",
			"integrity": "sha512-2ufO/8FHIA/lX6UOgSsKPhpDvHr0sh9lYq/n/LsIZsTwu3973BGbu2fg1Akvuu3rEnskPqXjsqH2EPBzEA42uA==",
			"dev": true,
			"license": "MIT",
			"dependencies": {
				"@rspack/binding": "2.0.3"
			},
			"engines": {
				"node": "^20.19.0 || >=22.12.0"
			},
			"peerDependencies": {
				"@module-federation/runtime-tools": "^0.24.1 || ^2.0.0",
				"@swc/helpers": ">=0.5.1"
			},
			"peerDependenciesMeta": {
				"@module-federation/runtime-tools": {
					"optional": true
				},
				"@swc/helpers": {
					"optional": true
				}
			}
		},
		"node_modules/@swc/helpers": {
			"version": "0.5.21",
			"resolved": "https://registry.npmjs.org/@swc/helpers/-/helpers-0.5.21.tgz",
			"integrity": "sha512-jI/VAmtdjB/RnI8GTnokyX7Ug8c+g+ffD6QRLa6XQewtnGyukKkKSk3wLTM3b5cjt1jNh9x0jfVlagdN2gDKQg==",
			"dev": true,
			"license": "Apache-2.0",
			"dependencies": {
				"tslib": "^2.8.0"
			}
		},
		"node_modules/@tybys/wasm-util": {
			"version": "0.10.2",
			"resolved": "https://registry.npmjs.org/@tybys/wasm-util/-/wasm-util-0.10.2.tgz",
			"integrity": "sha512-RoBvJ2X0wuKlWFIjrwffGw1IqZHKQqzIchKaadZZfnNpsAYp2mM0h36JtPCjNDAHGgYez/15uMBpfGwchhiMgg==",
			"dev": true,
			"license": "MIT",
			"optional": true,
			"dependencies": {
				"tslib": "^2.4.0"
			}
		},
		"node_modules/@types/node": {
			"version": "24.12.2",
			"resolved": "https://registry.npmjs.org/@types/node/-/node-24.12.2.tgz",
			"integrity": "sha512-A1sre26ke7HDIuY/M23nd9gfB+nrmhtYyMINbjI1zHJxYteKR6qSMX56FsmjMcDb3SMcjJg5BiRRgOCC/yBD0g==",
			"dev": true,
			"license": "MIT",
			"dependencies": {
				"undici-types": "~7.16.0"
			}
		},
		"node_modules/@typescript/native-preview": {
			"version": "7.0.0-dev.20260503.1",
			"resolved": "https://registry.npmjs.org/@typescript/native-preview/-/native-preview-7.0.0-dev.20260503.1.tgz",
			"integrity": "sha512-gDro38CPFiBUGbaFGNt+ufOsEd1OrZrfrOPxsLSfBcvvoGaqAxV++ul/BHTOShoEkIYHiFsoDX2az1IPCDV2jQ==",
			"dev": true,
			"license": "Apache-2.0",
			"bin": {
				"tsgo": "bin/tsgo.js"
			},
			"engines": {
				"node": ">=16.20.0"
			},
			"optionalDependencies": {
				"@typescript/native-preview-darwin-arm64": "7.0.0-dev.20260503.1",
				"@typescript/native-preview-darwin-x64": "7.0.0-dev.20260503.1",
				"@typescript/native-preview-linux-arm": "7.0.0-dev.20260503.1",
				"@typescript/native-preview-linux-arm64": "7.0.0-dev.20260503.1",
				"@typescript/native-preview-linux-x64": "7.0.0-dev.20260503.1",
				"@typescript/native-preview-win32-arm64": "7.0.0-dev.20260503.1",
				"@typescript/native-preview-win32-x64": "7.0.0-dev.20260503.1"
			}
		},
		"node_modules/@typescript/native-preview-darwin-arm64": {
			"version": "7.0.0-dev.20260503.1",
			"resolved": "https://registry.npmjs.org/@typescript/native-preview-darwin-arm64/-/native-preview-darwin-arm64-7.0.0-dev.20260503.1.tgz",
			"integrity": "sha512-rUZQVuBcZlxADagx+pnhDHqjX2Ewh+KWave6vtilRWR5vsGyR3FaCzPFqXteiwPg6XRijEMnMaXg60t5itm8EA==",
			"cpu": [
				"arm64"
			],
			"dev": true,
			"license": "Apache-2.0",
			"optional": true,
			"os": [
				"darwin"
			],
			"engines": {
				"node": ">=16.20.0"
			}
		},
		"node_modules/@typescript/native-preview-darwin-x64": {
			"version": "7.0.0-dev.20260503.1",
			"resolved": "https://registry.npmjs.org/@typescript/native-preview-darwin-x64/-/native-preview-darwin-x64-7.0.0-dev.20260503.1.tgz",
			"integrity": "sha512-YtK8ac8RCkRh7jwoP8Wt4LaBhpGK8cOVMi3e0cvF/8Xn5XV1ewJK3/HdNBnlDhCib3j0eVRxK/Pg9GIq/hFUxQ==",
			"cpu": [
				"x64"
			],
			"dev": true,
			"license": "Apache-2.0",
			"optional": true,
			"os": [
				"darwin"
			],
			"engines": {
				"node": ">=16.20.0"
			}
		},
		"node_modules/@typescript/native-preview-linux-arm": {
			"version": "7.0.0-dev.20260503.1",
			"resolved": "https://registry.npmjs.org/@typescript/native-preview-linux-arm/-/native-preview-linux-arm-7.0.0-dev.20260503.1.tgz",
			"integrity": "sha512-28vAomYeU8hpz1f0dDoWz6PYehz0ffEfkJhFq4tqXzUM/QY1I15u5y03EJQ5UcP4LRwrdJe22J5LdrYpM2Lr3w==",
			"cpu": [
				"arm"
			],
			"dev": true,
			"license": "Apache-2.0",
			"optional": true,
			"os": [
				"linux"
			],
			"engines": {
				"node": ">=16.20.0"
			}
		},
		"node_modules/@typescript/native-preview-linux-arm64": {
			"version": "7.0.0-dev.20260503.1",
			"resolved": "https://registry.npmjs.org/@typescript/native-preview-linux-arm64/-/native-preview-linux-arm64-7.0.0-dev.20260503.1.tgz",
			"integrity": "sha512-c5yM3Ea2WZSLKmscMxUhEDdaR2Ugp7P9CX6osciIPgZIF9c4LDiuKQohjQAyidx9JZKCsSXnfS88QssWH/+ONQ==",
			"cpu": [
				"arm64"
			],
			"dev": true,
			"license": "Apache-2.0",
			"optional": true,
			"os": [
				"linux"
			],
			"engines": {
				"node": ">=16.20.0"
			}
		},
		"node_modules/@typescript/native-preview-linux-x64": {
			"version": "7.0.0-dev.20260503.1",
			"resolved": "https://registry.npmjs.org/@typescript/native-preview-linux-x64/-/native-preview-linux-x64-7.0.0-dev.20260503.1.tgz",
			"integrity": "sha512-M64z7LwpqNfOXYCBKmD/ObwyxYOobUk4tDv0ECNLit7pDER1sswNZjJGjgRYjQsKokmydy6p3FqtJ1uUPUP/sw==",
			"cpu": [
				"x64"
			],
			"dev": true,
			"license": "Apache-2.0",
			"optional": true,
			"os": [
				"linux"
			],
			"engines": {
				"node": ">=16.20.0"
			}
		},
		"node_modules/@typescript/native-preview-win32-arm64": {
			"version": "7.0.0-dev.20260503.1",
			"resolved": "https://registry.npmjs.org/@typescript/native-preview-win32-arm64/-/native-preview-win32-arm64-7.0.0-dev.20260503.1.tgz",
			"integrity": "sha512-QHy3R1VBb8MYszjpz0IyuDjKaW6JUHg8hYEqzhZIxvrydKLF3gyDeKohnmWSFTS/oII0GvUmYM3h83fbanBvcQ==",
			"cpu": [
				"arm64"
			],
			"dev": true,
			"license": "Apache-2.0",
			"optional": true,
			"os": [
				"win32"
			],
			"engines": {
				"node": ">=16.20.0"
			}
		},
		"node_modules/@typescript/native-preview-win32-x64": {
			"version": "7.0.0-dev.20260503.1",
			"resolved": "https://registry.npmjs.org/@typescript/native-preview-win32-x64/-/native-preview-win32-x64-7.0.0-dev.20260503.1.tgz",
			"integrity": "sha512-nrapqpVONrg0IZjKp3AzV9M+jxPwKGTQZEOxuKh6WHMhy/UElN8RnOFlfetA8ZMtKvPkmjgjqw0qoAa5QMwhPA==",
			"cpu": [
				"x64"
			],
			"dev": true,
			"license": "Apache-2.0",
			"optional": true,
			"os": [
				"win32"
			],
			"engines": {
				"node": ">=16.20.0"
			}
		},
		"node_modules/node-addon-api": {
			"version": "8.7.0",
			"resolved": "https://registry.npmjs.org/node-addon-api/-/node-addon-api-8.7.0.tgz",
			"integrity": "sha512-9MdFxmkKaOYVTV+XVRG8ArDwwQ77XIgIPyKASB1k3JPq3M8fGQQQE3YpMOrKm6g//Ktx8ivZr8xo1Qmtqub+GA==",
			"dev": true,
			"license": "MIT",
			"engines": {
				"node": "^18 || ^20 || >= 21"
			}
		},
		"node_modules/oxlint": {
			"version": "1.65.0",
			"resolved": "https://registry.npmjs.org/oxlint/-/oxlint-1.65.0.tgz",
			"integrity": "sha512-ChUuE3Q7XnAbscvT4XLMsH7HFJmLgLVv9lu+RRgFL5wSXnDqUOzTp5IS8qWDBGd/ZDSzQ2tbX8fjAmijlGLC7A==",
			"dev": true,
			"license": "MIT",
			"bin": {
				"oxlint": "bin/oxlint"
			},
			"engines": {
				"node": "^20.19.0 || >=22.12.0"
			},
			"funding": {
				"url": "https://github.com/sponsors/Boshen"
			},
			"optionalDependencies": {
				"@oxlint/binding-android-arm-eabi": "1.65.0",
				"@oxlint/binding-android-arm64": "1.65.0",
				"@oxlint/binding-darwin-arm64": "1.65.0",
				"@oxlint/binding-darwin-x64": "1.65.0",
				"@oxlint/binding-freebsd-x64": "1.65.0",
				"@oxlint/binding-linux-arm-gnueabihf": "1.65.0",
				"@oxlint/binding-linux-arm-musleabihf": "1.65.0",
				"@oxlint/binding-linux-arm64-gnu": "1.65.0",
				"@oxlint/binding-linux-arm64-musl": "1.65.0",
				"@oxlint/binding-linux-ppc64-gnu": "1.65.0",
				"@oxlint/binding-linux-riscv64-gnu": "1.65.0",
				"@oxlint/binding-linux-riscv64-musl": "1.65.0",
				"@oxlint/binding-linux-s390x-gnu": "1.65.0",
				"@oxlint/binding-linux-x64-gnu": "1.65.0",
				"@oxlint/binding-linux-x64-musl": "1.65.0",
				"@oxlint/binding-openharmony-arm64": "1.65.0",
				"@oxlint/binding-win32-arm64-msvc": "1.65.0",
				"@oxlint/binding-win32-ia32-msvc": "1.65.0",
				"@oxlint/binding-win32-x64-msvc": "1.65.0"
			},
			"peerDependencies": {
				"oxlint-tsgolint": ">=0.22.1"
			},
			"peerDependenciesMeta": {
				"oxlint-tsgolint": {
					"optional": true
				}
			}
		},
		"node_modules/rsbuild-plugin-dts": {
			"version": "0.21.5",
			"resolved": "https://registry.npmjs.org/rsbuild-plugin-dts/-/rsbuild-plugin-dts-0.21.5.tgz",
			"integrity": "sha512-tRSqSCmaY2Ef/FTxcLUw26jQxM/HJHAFqTsqngXnXnfic0BHlSCKzJuwjGoGUYimb3RdH6qnC7jzkXuoe+ZXOA==",
			"dev": true,
			"license": "MIT",
			"dependencies": {
				"@ast-grep/napi": "0.37.0"
			},
			"engines": {
				"node": "^20.19.0 || >=22.12.0"
			},
			"peerDependencies": {
				"@microsoft/api-extractor": "^7",
				"@rsbuild/core": "^1.0.0 || ^2.0.0-0",
				"@typescript/native-preview": "7.x",
				"typescript": "^5 || ^6"
			},
			"peerDependenciesMeta": {
				"@microsoft/api-extractor": {
					"optional": true
				},
				"@typescript/native-preview": {
					"optional": true
				},
				"typescript": {
					"optional": true
				}
			}
		},
		"node_modules/tslib": {
			"version": "2.8.1",
			"resolved": "https://registry.npmjs.org/tslib/-/tslib-2.8.1.tgz",
			"integrity": "sha512-oJFu94HQb+KVduSUQL7wnpmqnfmLsOA/nAh6b6EH0wCEoK0/mPeXU6c3wKDV83MkOuHPRHtSXKKU99IBazS/2w==",
			"dev": true,
			"license": "0BSD"
		},
		"node_modules/typescript": {
			"version": "6.0.3",
			"resolved": "https://registry.npmjs.org/typescript/-/typescript-6.0.3.tgz",
			"integrity": "sha512-y2TvuxSZPDyQakkFRPZHKFm+KKVqIisdg9/CZwm9ftvKXLP8NRWj38/ODjNbr43SsoXqNuAisEf1GdCxqWcdBw==",
			"dev": true,
			"license": "Apache-2.0",
			"bin": {
				"tsc": "bin/tsc",
				"tsserver": "bin/tsserver"
			},
			"engines": {
				"node": ">=14.17"
			}
		},
		"node_modules/undici-types": {
			"version": "7.16.0",
			"resolved": "https://registry.npmjs.org/undici-types/-/undici-types-7.16.0.tgz",
			"integrity": "sha512-Zz+aZWSj8LE6zoxD+xrjh4VfkIG8Ya6LvYkZqtUQGJPZjYl53ypCaUwWqo7eI0x66KBGeRo+mlBEkMSeSZ38Nw==",
			"dev": true,
			"license": "MIT"
		}
	}
}
